
Microsoft Visual Studio Solution File, Format Version 12.00
Project("{FAE04EC0-301F-11D3-BF4B-00C04F79EFBC}") = "ForCSharpTesting", "ForCSharpTesting\ForCSharpTesting.csproj", "{9D937072-30CB-4D5A-941A-A5AE9127A7CA}"
EndProject
Project("{FAE04EC0-301F-11D3-BF4B-00C04F79EFBC}") = "ForCSharpTesting_Tests", "ForCSharpTesting_Tests\ForCSharpTesting_Tests.csproj", "{47560D0D-DAE0-4027-992A-B8AFCCA236FD}"
EndProject
Global
	GlobalSection(SolutionConfigurationPlatforms) = preSolution
		Debug|Any CPU = Debug|Any CPU
		Release|Any CPU = Release|Any CPU
	EndGlobalSection
	GlobalSection(ProjectConfigurationPlatforms) = postSolution
		{9D937072-30CB-4D5A-941A-A5AE9127A7CA}.Debug|Any CPU.ActiveCfg = Debug|Any CPU
		{9D937072-30CB-4D5A-941A-A5AE9127A7CA}.Debug|Any CPU.Build.0 = Debug|Any CPU
		{9D937072-30CB-4D5A-941A-A5AE9127A7CA}.Release|Any CPU.ActiveCfg = Release|Any CPU
		{9D937072-30CB-4D5A-941A-A5AE9127A7CA}.Release|Any CPU.Build.0 = Release|Any CPU
		{47560D0D-DAE0-4027-992A-B8AFCCA236FD}.Debug|Any CPU.ActiveCfg = Debug|Any CPU
		{47560D0D-DAE0-4027-992A-B8AFCCA236FD}.Debug|Any CPU.Build.0 = Debug|Any CPU
		{47560D0D-DAE0-4027-992A-B8AFCCA236FD}.Release|Any CPU.ActiveCfg = Release|Any CPU
		{47560D0D-DAE0-4027-992A-B8AFCCA236FD}.Release|Any CPU.Build.0 = Release|Any CPU
	EndGlobalSection
EndGlobal
